// !$*UTF8*$!
{
	archiveVersion = 1;
	classes = {
	};
	objectVersion = 51;
	objects = {

/* Begin PBXBuildFile section */
		5246D9E6271BBF1F0024500C /* ProfilePictureViewController.swift in Sources */ = {isa = PBXBuildFile; fileRef = 5246D9E5271BBF1F0024500C /* ProfilePictureViewController.swift */; };
		5246D9E8271D1CFD0024500C /* EditProfileViewController.swift in Sources */ = {isa = PBXBuildFile; fileRef = 5246D9E7271D1CFD0024500C /* EditProfileViewController.swift */; };
		5246D9EA271E55970024500C /* ProgressView.swift in Sources */ = {isa = PBXBuildFile; fileRef = 5246D9E9271E55970024500C /* ProgressView.swift */; };
		52DCF16327192DF200AD187C /* Grid.swift in Sources */ = {isa = PBXBuildFile; fileRef = 52DCF16227192DF200AD187C /* Grid.swift */; };
		52DCF1652719486100AD187C /* PostView.swift in Sources */ = {isa = PBXBuildFile; fileRef = 52DCF1642719486100AD187C /* PostView.swift */; };
		52E5BA152724ECD3007B05C4 /* CommentsViewController.swift in Sources */ = {isa = PBXBuildFile; fileRef = 52E5BA142724ECD3007B05C4 /* CommentsViewController.swift */; };
		52E5BA172724ED67007B05C4 /* CommentView.swift in Sources */ = {isa = PBXBuildFile; fileRef = 52E5BA162724ED67007B05C4 /* CommentView.swift */; };
		52E5BA192724F135007B05C4 /* Comment.swift in Sources */ = {isa = PBXBuildFile; fileRef = 52E5BA182724F135007B05C4 /* Comment.swift */; };
		966BEB153153282CE3E63A96 /* Pods_StarFeed.framework in Frameworks */ = {isa = PBXBuildFile; fileRef = D9B962DE28299765A6A98D7C /* Pods_StarFeed.framework */; };
		AB266A46F92D7A92EDCF36B9 /* Pods_StarFeedTests.framework in Frameworks */ = {isa = PBXBuildFile; fileRef = 1ADD7EDA7198EA0E92222FF0 /* Pods_StarFeedTests.framework */; };
		E058F9B6271952FC006CC85C /* PostModel.swift in Sources */ = {isa = PBXBuildFile; fileRef = E058F9B5271952FC006CC85C /* PostModel.swift */; };
		E08250E627152D6800C6D58C /* TitleBar.swift in Sources */ = {isa = PBXBuildFile; fileRef = E08250E527152D6800C6D58C /* TitleBar.swift */; };
		E08A65FB2719FDC000254D66 /* SubjectPostViewController.swift in Sources */ = {isa = PBXBuildFile; fileRef = E08A65FA2719FDC000254D66 /* SubjectPostViewController.swift */; };
		E099735B27165DFE00073785 /* ProfileViewController.swift in Sources */ = {isa = PBXBuildFile; fileRef = E099735A27165DFE00073785 /* ProfileViewController.swift */; };
		E09973A727169D4D00073785 /* CustomButton.swift in Sources */ = {isa = PBXBuildFile; fileRef = E09973A627169D4D00073785 /* CustomButton.swift */; };
		E09973A92716A30400073785 /* NewPostViewController.swift in Sources */ = {isa = PBXBuildFile; fileRef = E09973A82716A30400073785 /* NewPostViewController.swift */; };
		E09973B22716A60200073785 /* LoginViewController.swift in Sources */ = {isa = PBXBuildFile; fileRef = E09973B12716A60200073785 /* LoginViewController.swift */; };
		E09973B42716AB9600073785 /* Colors.swift in Sources */ = {isa = PBXBuildFile; fileRef = E09973B32716AB9600073785 /* Colors.swift */; };
		E09973B62716ADB400073785 /* AuthModel.swift in Sources */ = {isa = PBXBuildFile; fileRef = E09973B52716ADB400073785 /* AuthModel.swift */; };
		E09973B82716AFD600073785 /* CreateAccountViewController.swift in Sources */ = {isa = PBXBuildFile; fileRef = E09973B72716AFD600073785 /* CreateAccountViewController.swift */; };
		E09973BA2716B22600073785 /* BackButton.swift in Sources */ = {isa = PBXBuildFile; fileRef = E09973B92716B22600073785 /* BackButton.swift */; };
		E09973BC2716BA6700073785 /* CustomTextField.swift in Sources */ = {isa = PBXBuildFile; fileRef = E09973BB2716BA6700073785 /* CustomTextField.swift */; };
		E09973C02717593600073785 /* CustomScrollView.swift in Sources */ = {isa = PBXBuildFile; fileRef = E09973BF2717593600073785 /* CustomScrollView.swift */; };
		E0A61F2D271A41FF00026CE1 /* EmailViewController.swift in Sources */ = {isa = PBXBuildFile; fileRef = E0A61F2C271A41FF00026CE1 /* EmailViewController.swift */; };
		E0B6F48C271BDDA700DEDDC3 /* ProfileButton.swift in Sources */ = {isa = PBXBuildFile; fileRef = E0B6F48B271BDDA700DEDDC3 /* ProfileButton.swift */; };
		E0B6F48E271BDED500DEDDC3 /* UserModel.swift in Sources */ = {isa = PBXBuildFile; fileRef = E0B6F48D271BDED500DEDDC3 /* UserModel.swift */; };
		E0EF3AC52714CACF00D5FDF8 /* AppDelegate.swift in Sources */ = {isa = PBXBuildFile; fileRef = E0EF3AC42714CACF00D5FDF8 /* AppDelegate.swift */; };
		E0EF3AC72714CACF00D5FDF8 /* SceneDelegate.swift in Sources */ = {isa = PBXBuildFile; fileRef = E0EF3AC62714CACF00D5FDF8 /* SceneDelegate.swift */; };
		E0EF3AC92714CACF00D5FDF8 /* TrendingViewController.swift in Sources */ = {isa = PBXBuildFile; fileRef = E0EF3AC82714CACF00D5FDF8 /* TrendingViewController.swift */; };
		E0EF3ACE2714CAD400D5FDF8 /* Assets.xcassets in Resources */ = {isa = PBXBuildFile; fileRef = E0EF3ACD2714CAD400D5FDF8 /* Assets.xcassets */; };
		E0EF3AD12714CAD400D5FDF8 /* LaunchScreen.storyboard in Resources */ = {isa = PBXBuildFile; fileRef = E0EF3ACF2714CAD400D5FDF8 /* LaunchScreen.storyboard */; };
		E0EF3AF62714CB4F00D5FDF8 /* TabBarController.swift in Sources */ = {isa = PBXBuildFile; fileRef = E0EF3AF52714CB4F00D5FDF8 /* TabBarController.swift */; };
		E0EF3AF82714CD1A00D5FDF8 /* SearchViewController.swift in Sources */ = {isa = PBXBuildFile; fileRef = E0EF3AF72714CD1A00D5FDF8 /* SearchViewController.swift */; };
		E0EF3AFA2714CE2400D5FDF8 /* SubjectsViewController.swift in Sources */ = {isa = PBXBuildFile; fileRef = E0EF3AF92714CE2400D5FDF8 /* SubjectsViewController.swift */; };
		E0EF3AFC2714CE2F00D5FDF8 /* FollowingViewController.swift in Sources */ = {isa = PBXBuildFile; fileRef = E0EF3AFB2714CE2F00D5FDF8 /* FollowingViewController.swift */; };
		E0EF3AFE2714D83C00D5FDF8 /* Extensions.swift in Sources */ = {isa = PBXBuildFile; fileRef = E0EF3AFD2714D83C00D5FDF8 /* Extensions.swift */; };
		E0F1118E2718AE400062E190 /* ImagePicker.swift in Sources */ = {isa = PBXBuildFile; fileRef = E0F1118D2718AE400062E190 /* ImagePicker.swift */; };
		E0F111902718BCAC0062E190 /* VideoPlayer.swift in Sources */ = {isa = PBXBuildFile; fileRef = E0F1118F2718BCAC0062E190 /* VideoPlayer.swift */; };
		E0F111922719164B0062E190 /* NewPostSubjectsViewController.swift in Sources */ = {isa = PBXBuildFile; fileRef = E0F111912719164B0062E190 /* NewPostSubjectsViewController.swift */; };
		E0F11194271932E20062E190 /* SubjectModel.swift in Sources */ = {isa = PBXBuildFile; fileRef = E0F11193271932E20062E190 /* SubjectModel.swift */; };
		E0F11196271937030062E190 /* FirebaseModel.swift in Sources */ = {isa = PBXBuildFile; fileRef = E0F11195271937030062E190 /* FirebaseModel.swift */; };
		E0FDBFEC271D3A5400EC1D1B /* GoogleService-Info.plist in Resources */ = {isa = PBXBuildFile; fileRef = E0FDBFEB271D3A5400EC1D1B /* GoogleService-Info.plist */; };
		E0FDBFEF271D3F0000EC1D1B /* Persistence.swift in Sources */ = {isa = PBXBuildFile; fileRef = E0FDBFEE271D3F0000EC1D1B /* Persistence.swift */; };
		E0FDBFF5271D40C300EC1D1B /* FreshModel.xcdatamodeld in Sources */ = {isa = PBXBuildFile; fileRef = E0FDBFF3271D40C300EC1D1B /* FreshModel.xcdatamodeld */; };
		E0FDBFF7271D411900EC1D1B /* FileManagerModel.swift in Sources */ = {isa = PBXBuildFile; fileRef = E0FDBFF6271D411900EC1D1B /* FileManagerModel.swift */; };
		E0FDBFF9271D41D100EC1D1B /* FirestoreModel.swift in Sources */ = {isa = PBXBuildFile; fileRef = E0FDBFF8271D41D100EC1D1B /* FirestoreModel.swift */; };
		E0FDBFFB271D425B00EC1D1B /* StorageModel.swift in Sources */ = {isa = PBXBuildFile; fileRef = E0FDBFFA271D425B00EC1D1B /* StorageModel.swift */; };
		E0FDC000271E047400EC1D1B /* ProfileImage.swift in Sources */ = {isa = PBXBuildFile; fileRef = E0FDBFFF271E047400EC1D1B /* ProfileImage.swift */; };
		EFB8493977A2933A2BB47982 /* Pods_StarFeed_StarFeedUITests.framework in Frameworks */ = {isa = PBXBuildFile; fileRef = 9EC46F631ED90F78D39744D6 /* Pods_StarFeed_StarFeedUITests.framework */; };
/* End PBXBuildFile section */

/* Begin PBXContainerItemProxy section */
		E0EF3AD82714CAD400D5FDF8 /* PBXContainerItemProxy */ = {
			isa = PBXContainerItemProxy;
			containerPortal = E0EF3AB92714CACF00D5FDF8 /* Project object */;
			proxyType = 1;
			remoteGlobalIDString = E0EF3AC02714CACF00D5FDF8;
			remoteInfo = StarFeed;
		};
		E0EF3AE32714CAD400D5FDF8 /* PBXContainerItemProxy */ = {
			isa = PBXContainerItemProxy;
			containerPortal = E0EF3AB92714CACF00D5FDF8 /* Project object */;
			proxyType = 1;
			remoteGlobalIDString = E0EF3AC02714CACF00D5FDF8;
			remoteInfo = StarFeed;
		};
/* End PBXContainerItemProxy section */

/* Begin PBXFileReference section */
		1ADD7EDA7198EA0E92222FF0 /* Pods_StarFeedTests.framework */ = {isa = PBXFileReference; explicitFileType = wrapper.framework; includeInIndex = 0; path = Pods_StarFeedTests.framework; sourceTree = BUILT_PRODUCTS_DIR; };
		5246D9E5271BBF1F0024500C /* ProfilePictureViewController.swift */ = {isa = PBXFileReference; lastKnownFileType = sourcecode.swift; path = ProfilePictureViewController.swift; sourceTree = "<group>"; };
		5246D9E7271D1CFD0024500C /* EditProfileViewController.swift */ = {isa = PBXFileReference; lastKnownFileType = sourcecode.swift; path = EditProfileViewController.swift; sourceTree = "<group>"; };
		5246D9E9271E55970024500C /* ProgressView.swift */ = {isa = PBXFileReference; lastKnownFileType = sourcecode.swift; path = ProgressView.swift; sourceTree = "<group>"; };
		52DCF16227192DF200AD187C /* Grid.swift */ = {isa = PBXFileReference; lastKnownFileType = sourcecode.swift; path = Grid.swift; sourceTree = "<group>"; };
		52DCF1642719486100AD187C /* PostView.swift */ = {isa = PBXFileReference; lastKnownFileType = sourcecode.swift; path = PostView.swift; sourceTree = "<group>"; };
		52E5BA142724ECD3007B05C4 /* CommentsViewController.swift */ = {isa = PBXFileReference; lastKnownFileType = sourcecode.swift; path = CommentsViewController.swift; sourceTree = "<group>"; };
		52E5BA162724ED67007B05C4 /* CommentView.swift */ = {isa = PBXFileReference; lastKnownFileType = sourcecode.swift; path = CommentView.swift; sourceTree = "<group>"; };
		52E5BA182724F135007B05C4 /* Comment.swift */ = {isa = PBXFileReference; lastKnownFileType = sourcecode.swift; path = Comment.swift; sourceTree = "<group>"; };
		89B9F80FC097821D133CD286 /* Pods-StarFeed.release.xcconfig */ = {isa = PBXFileReference; includeInIndex = 1; lastKnownFileType = text.xcconfig; name = "Pods-StarFeed.release.xcconfig"; path = "Target Support Files/Pods-StarFeed/Pods-StarFeed.release.xcconfig"; sourceTree = "<group>"; };
		8A00B277EEC0E0D20519D5E3 /* Pods-StarFeed-StarFeedUITests.debug.xcconfig */ = {isa = PBXFileReference; includeInIndex = 1; lastKnownFileType = text.xcconfig; name = "Pods-StarFeed-StarFeedUITests.debug.xcconfig"; path = "Target Support Files/Pods-StarFeed-StarFeedUITests/Pods-StarFeed-StarFeedUITests.debug.xcconfig"; sourceTree = "<group>"; };
		90A699AB55424E944917545A /* Pods-StarFeed-StarFeedUITests.release.xcconfig */ = {isa = PBXFileReference; includeInIndex = 1; lastKnownFileType = text.xcconfig; name = "Pods-StarFeed-StarFeedUITests.release.xcconfig"; path = "Target Support Files/Pods-StarFeed-StarFeedUITests/Pods-StarFeed-StarFeedUITests.release.xcconfig"; sourceTree = "<group>"; };
		9EC46F631ED90F78D39744D6 /* Pods_StarFeed_StarFeedUITests.framework */ = {isa = PBXFileReference; explicitFileType = wrapper.framework; includeInIndex = 0; path = Pods_StarFeed_StarFeedUITests.framework; sourceTree = BUILT_PRODUCTS_DIR; };
		C20F3EF2A3075AE95F6CFF82 /* Pods-StarFeed.debug.xcconfig */ = {isa = PBXFileReference; includeInIndex = 1; lastKnownFileType = text.xcconfig; name = "Pods-StarFeed.debug.xcconfig"; path = "Target Support Files/Pods-StarFeed/Pods-StarFeed.debug.xcconfig"; sourceTree = "<group>"; };
		CEA1AFF2681C735988BE5302 /* Pods-StarFeedTests.debug.xcconfig */ = {isa = PBXFileReference; includeInIndex = 1; lastKnownFileType = text.xcconfig; name = "Pods-StarFeedTests.debug.xcconfig"; path = "Target Support Files/Pods-StarFeedTests/Pods-StarFeedTests.debug.xcconfig"; sourceTree = "<group>"; };
		D9B962DE28299765A6A98D7C /* Pods_StarFeed.framework */ = {isa = PBXFileReference; explicitFileType = wrapper.framework; includeInIndex = 0; path = Pods_StarFeed.framework; sourceTree = BUILT_PRODUCTS_DIR; };
		E058F9B5271952FC006CC85C /* PostModel.swift */ = {isa = PBXFileReference; lastKnownFileType = sourcecode.swift; path = PostModel.swift; sourceTree = "<group>"; };
		E08250E527152D6800C6D58C /* TitleBar.swift */ = {isa = PBXFileReference; lastKnownFileType = sourcecode.swift; path = TitleBar.swift; sourceTree = "<group>"; };
		E08A65FA2719FDC000254D66 /* SubjectPostViewController.swift */ = {isa = PBXFileReference; lastKnownFileType = sourcecode.swift; path = SubjectPostViewController.swift; sourceTree = "<group>"; };
		E099735A27165DFE00073785 /* ProfileViewController.swift */ = {isa = PBXFileReference; lastKnownFileType = sourcecode.swift; path = ProfileViewController.swift; sourceTree = "<group>"; };
		E09973A627169D4D00073785 /* CustomButton.swift */ = {isa = PBXFileReference; lastKnownFileType = sourcecode.swift; path = CustomButton.swift; sourceTree = "<group>"; };
		E09973A82716A30400073785 /* NewPostViewController.swift */ = {isa = PBXFileReference; lastKnownFileType = sourcecode.swift; path = NewPostViewController.swift; sourceTree = "<group>"; };
		E09973B12716A60200073785 /* LoginViewController.swift */ = {isa = PBXFileReference; lastKnownFileType = sourcecode.swift; path = LoginViewController.swift; sourceTree = "<group>"; };
		E09973B32716AB9600073785 /* Colors.swift */ = {isa = PBXFileReference; lastKnownFileType = sourcecode.swift; path = Colors.swift; sourceTree = "<group>"; };
		E09973B52716ADB400073785 /* AuthModel.swift */ = {isa = PBXFileReference; lastKnownFileType = sourcecode.swift; path = AuthModel.swift; sourceTree = "<group>"; };
		E09973B72716AFD600073785 /* CreateAccountViewController.swift */ = {isa = PBXFileReference; lastKnownFileType = sourcecode.swift; path = CreateAccountViewController.swift; sourceTree = "<group>"; };
		E09973B92716B22600073785 /* BackButton.swift */ = {isa = PBXFileReference; lastKnownFileType = sourcecode.swift; path = BackButton.swift; sourceTree = "<group>"; };
		E09973BB2716BA6700073785 /* CustomTextField.swift */ = {isa = PBXFileReference; lastKnownFileType = sourcecode.swift; path = CustomTextField.swift; sourceTree = "<group>"; };
		E09973BF2717593600073785 /* CustomScrollView.swift */ = {isa = PBXFileReference; lastKnownFileType = sourcecode.swift; path = CustomScrollView.swift; sourceTree = "<group>"; };
		E0A61F2C271A41FF00026CE1 /* EmailViewController.swift */ = {isa = PBXFileReference; lastKnownFileType = sourcecode.swift; path = EmailViewController.swift; sourceTree = "<group>"; };
		E0B6F48B271BDDA700DEDDC3 /* ProfileButton.swift */ = {isa = PBXFileReference; lastKnownFileType = sourcecode.swift; path = ProfileButton.swift; sourceTree = "<group>"; };
		E0B6F48D271BDED500DEDDC3 /* UserModel.swift */ = {isa = PBXFileReference; lastKnownFileType = sourcecode.swift; path = UserModel.swift; sourceTree = "<group>"; };
		E0EF3AC12714CACF00D5FDF8 /* StarFeed.app */ = {isa = PBXFileReference; explicitFileType = wrapper.application; includeInIndex = 0; path = StarFeed.app; sourceTree = BUILT_PRODUCTS_DIR; };
		E0EF3AC42714CACF00D5FDF8 /* AppDelegate.swift */ = {isa = PBXFileReference; lastKnownFileType = sourcecode.swift; path = AppDelegate.swift; sourceTree = "<group>"; };
		E0EF3AC62714CACF00D5FDF8 /* SceneDelegate.swift */ = {isa = PBXFileReference; lastKnownFileType = sourcecode.swift; path = SceneDelegate.swift; sourceTree = "<group>"; };
		E0EF3AC82714CACF00D5FDF8 /* TrendingViewController.swift */ = {isa = PBXFileReference; lastKnownFileType = sourcecode.swift; path = TrendingViewController.swift; sourceTree = "<group>"; };
		E0EF3ACD2714CAD400D5FDF8 /* Assets.xcassets */ = {isa = PBXFileReference; lastKnownFileType = folder.assetcatalog; path = Assets.xcassets; sourceTree = "<group>"; };
		E0EF3AD02714CAD400D5FDF8 /* Base */ = {isa = PBXFileReference; lastKnownFileType = file.storyboard; name = Base; path = Base.lproj/LaunchScreen.storyboard; sourceTree = "<group>"; };
		E0EF3AD22714CAD400D5FDF8 /* Info.plist */ = {isa = PBXFileReference; lastKnownFileType = text.plist.xml; path = Info.plist; sourceTree = "<group>"; };
		E0EF3AD72714CAD400D5FDF8 /* StarFeedTests.xctest */ = {isa = PBXFileReference; explicitFileType = wrapper.cfbundle; includeInIndex = 0; path = StarFeedTests.xctest; sourceTree = BUILT_PRODUCTS_DIR; };
		E0EF3AE22714CAD400D5FDF8 /* StarFeedUITests.xctest */ = {isa = PBXFileReference; explicitFileType = wrapper.cfbundle; includeInIndex = 0; path = StarFeedUITests.xctest; sourceTree = BUILT_PRODUCTS_DIR; };
		E0EF3AF52714CB4F00D5FDF8 /* TabBarController.swift */ = {isa = PBXFileReference; lastKnownFileType = sourcecode.swift; path = TabBarController.swift; sourceTree = "<group>"; };
		E0EF3AF72714CD1A00D5FDF8 /* SearchViewController.swift */ = {isa = PBXFileReference; lastKnownFileType = sourcecode.swift; path = SearchViewController.swift; sourceTree = "<group>"; };
		E0EF3AF92714CE2400D5FDF8 /* SubjectsViewController.swift */ = {isa = PBXFileReference; lastKnownFileType = sourcecode.swift; path = SubjectsViewController.swift; sourceTree = "<group>"; };
		E0EF3AFB2714CE2F00D5FDF8 /* FollowingViewController.swift */ = {isa = PBXFileReference; lastKnownFileType = sourcecode.swift; path = FollowingViewController.swift; sourceTree = "<group>"; };
		E0EF3AFD2714D83C00D5FDF8 /* Extensions.swift */ = {isa = PBXFileReference; lastKnownFileType = sourcecode.swift; path = Extensions.swift; sourceTree = "<group>"; };
		E0F1118D2718AE400062E190 /* ImagePicker.swift */ = {isa = PBXFileReference; lastKnownFileType = sourcecode.swift; path = ImagePicker.swift; sourceTree = "<group>"; };
		E0F1118F2718BCAC0062E190 /* VideoPlayer.swift */ = {isa = PBXFileReference; lastKnownFileType = sourcecode.swift; path = VideoPlayer.swift; sourceTree = "<group>"; };
		E0F111912719164B0062E190 /* NewPostSubjectsViewController.swift */ = {isa = PBXFileReference; lastKnownFileType = sourcecode.swift; path = NewPostSubjectsViewController.swift; sourceTree = "<group>"; };
		E0F11193271932E20062E190 /* SubjectModel.swift */ = {isa = PBXFileReference; lastKnownFileType = sourcecode.swift; path = SubjectModel.swift; sourceTree = "<group>"; };
		E0F11195271937030062E190 /* FirebaseModel.swift */ = {isa = PBXFileReference; lastKnownFileType = sourcecode.swift; path = FirebaseModel.swift; sourceTree = "<group>"; };
		E0FDBFEB271D3A5400EC1D1B /* GoogleService-Info.plist */ = {isa = PBXFileReference; lastKnownFileType = text.plist; path = "GoogleService-Info.plist"; sourceTree = SOURCE_ROOT; };
		E0FDBFEE271D3F0000EC1D1B /* Persistence.swift */ = {isa = PBXFileReference; lastKnownFileType = sourcecode.swift; path = Persistence.swift; sourceTree = "<group>"; };
		E0FDBFF4271D40C300EC1D1B /* FreshModel.xcdatamodel */ = {isa = PBXFileReference; lastKnownFileType = wrapper.xcdatamodel; path = FreshModel.xcdatamodel; sourceTree = "<group>"; };
		E0FDBFF6271D411900EC1D1B /* FileManagerModel.swift */ = {isa = PBXFileReference; lastKnownFileType = sourcecode.swift; path = FileManagerModel.swift; sourceTree = "<group>"; };
		E0FDBFF8271D41D100EC1D1B /* FirestoreModel.swift */ = {isa = PBXFileReference; lastKnownFileType = sourcecode.swift; path = FirestoreModel.swift; sourceTree = "<group>"; };
		E0FDBFFA271D425B00EC1D1B /* StorageModel.swift */ = {isa = PBXFileReference; lastKnownFileType = sourcecode.swift; path = StorageModel.swift; sourceTree = "<group>"; };
		E0FDBFFF271E047400EC1D1B /* ProfileImage.swift */ = {isa = PBXFileReference; lastKnownFileType = sourcecode.swift; path = ProfileImage.swift; sourceTree = "<group>"; };
		EC64BC4B5BA1B681BAF0899C /* Pods-StarFeedTests.release.xcconfig */ = {isa = PBXFileReference; includeInIndex = 1; lastKnownFileType = text.xcconfig; name = "Pods-StarFeedTests.release.xcconfig"; path = "Target Support Files/Pods-StarFeedTests/Pods-StarFeedTests.release.xcconfig"; sourceTree = "<group>"; };
/* End PBXFileReference section */

/* Begin PBXFrameworksBuildPhase section */
		E0EF3ABE2714CACF00D5FDF8 /* Frameworks */ = {
			isa = PBXFrameworksBuildPhase;
			buildActionMask = 2147483647;
			files = (
				966BEB153153282CE3E63A96 /* Pods_StarFeed.framework in Frameworks */,
			);
			runOnlyForDeploymentPostprocessing = 0;
		};
		E0EF3AD42714CAD400D5FDF8 /* Frameworks */ = {
			isa = PBXFrameworksBuildPhase;
			buildActionMask = 2147483647;
			files = (
				AB266A46F92D7A92EDCF36B9 /* Pods_StarFeedTests.framework in Frameworks */,
			);
			runOnlyForDeploymentPostprocessing = 0;
		};
		E0EF3ADF2714CAD400D5FDF8 /* Frameworks */ = {
			isa = PBXFrameworksBuildPhase;
			buildActionMask = 2147483647;
			files = (
				EFB8493977A2933A2BB47982 /* Pods_StarFeed_StarFeedUITests.framework in Frameworks */,
			);
			runOnlyForDeploymentPostprocessing = 0;
		};
/* End PBXFrameworksBuildPhase section */

/* Begin PBXGroup section */
		60C4D3B6704753433CB2D8F1 /* Frameworks */ = {
			isa = PBXGroup;
			children = (
				D9B962DE28299765A6A98D7C /* Pods_StarFeed.framework */,
				9EC46F631ED90F78D39744D6 /* Pods_StarFeed_StarFeedUITests.framework */,
				1ADD7EDA7198EA0E92222FF0 /* Pods_StarFeedTests.framework */,
			);
			name = Frameworks;
			sourceTree = "<group>";
		};
		802A6640A035ADFB6E9B212F /* Pods */ = {
			isa = PBXGroup;
			children = (
				C20F3EF2A3075AE95F6CFF82 /* Pods-StarFeed.debug.xcconfig */,
				89B9F80FC097821D133CD286 /* Pods-StarFeed.release.xcconfig */,
				8A00B277EEC0E0D20519D5E3 /* Pods-StarFeed-StarFeedUITests.debug.xcconfig */,
				90A699AB55424E944917545A /* Pods-StarFeed-StarFeedUITests.release.xcconfig */,
				CEA1AFF2681C735988BE5302 /* Pods-StarFeedTests.debug.xcconfig */,
				EC64BC4B5BA1B681BAF0899C /* Pods-StarFeedTests.release.xcconfig */,
			);
			path = Pods;
			sourceTree = "<group>";
		};
		E08250E427152D5400C6D58C /* Views */ = {
			isa = PBXGroup;
			children = (
				E08250E527152D6800C6D58C /* TitleBar.swift */,
				52E5BA162724ED67007B05C4 /* CommentView.swift */,
				5246D9E9271E55970024500C /* ProgressView.swift */,
				52DCF1642719486100AD187C /* PostView.swift */,
				E09973A627169D4D00073785 /* CustomButton.swift */,
				E09973B92716B22600073785 /* BackButton.swift */,
				E09973BB2716BA6700073785 /* CustomTextField.swift */,
				E09973BF2717593600073785 /* CustomScrollView.swift */,
				52DCF16227192DF200AD187C /* Grid.swift */,
				E0B6F48B271BDDA700DEDDC3 /* ProfileButton.swift */,
				E0FDBFFF271E047400EC1D1B /* ProfileImage.swift */,
			);
			path = Views;
			sourceTree = "<group>";
		};
		E099735827165D9D00073785 /* Core */ = {
			isa = PBXGroup;
			children = (
				E0EF3AF52714CB4F00D5FDF8 /* TabBarController.swift */,
				E0EF3AC82714CACF00D5FDF8 /* TrendingViewController.swift */,
				E0EF3AF92714CE2400D5FDF8 /* SubjectsViewController.swift */,
				E0EF3AFB2714CE2F00D5FDF8 /* FollowingViewController.swift */,
				E0EF3AF72714CD1A00D5FDF8 /* SearchViewController.swift */,
			);
			path = Core;
			sourceTree = "<group>";
		};
		E099735927165DC300073785 /* Other */ = {
			isa = PBXGroup;
			children = (
				E099735A27165DFE00073785 /* ProfileViewController.swift */,
				5246D9E7271D1CFD0024500C /* EditProfileViewController.swift */,
				E09973A82716A30400073785 /* NewPostViewController.swift */,
				E0F111912719164B0062E190 /* NewPostSubjectsViewController.swift */,
				E08A65FA2719FDC000254D66 /* SubjectPostViewController.swift */,
				52E5BA142724ECD3007B05C4 /* CommentsViewController.swift */,
			);
			path = Other;
			sourceTree = "<group>";
		};
		E09973AB2716A53100073785 /* Models */ = {
			isa = PBXGroup;
			children = (
				E0FDBFFC271DFEBA00EC1D1B /* Firebase */,
				E0FDBFFD271DFECF00EC1D1B /* Types */,
				E0FDBFFE271DFEE300EC1D1B /* Other */,
			);
			path = Models;
			sourceTree = "<group>";
		};
		E09973AC2716A54700073785 /* Assets */ = {
			isa = PBXGroup;
			children = (
				E0EF3ACD2714CAD400D5FDF8 /* Assets.xcassets */,
				E0EF3ACF2714CAD400D5FDF8 /* LaunchScreen.storyboard */,
				E0EF3AD22714CAD400D5FDF8 /* Info.plist */,
			);
			name = Assets;
			sourceTree = "<group>";
		};
		E09973AD2716A55D00073785 /* Extras */ = {
			isa = PBXGroup;
			children = (
				E0EF3AFD2714D83C00D5FDF8 /* Extensions.swift */,
				E09973B32716AB9600073785 /* Colors.swift */,
				E0F1118D2718AE400062E190 /* ImagePicker.swift */,
				E0F1118F2718BCAC0062E190 /* VideoPlayer.swift */,
			);
			path = Extras;
			sourceTree = "<group>";
		};
		E09973B02716A5E000073785 /* Auth */ = {
			isa = PBXGroup;
			children = (
				E09973B12716A60200073785 /* LoginViewController.swift */,
				E09973B72716AFD600073785 /* CreateAccountViewController.swift */,
				E0A61F2C271A41FF00026CE1 /* EmailViewController.swift */,
				5246D9E5271BBF1F0024500C /* ProfilePictureViewController.swift */,
			);
			path = Auth;
			sourceTree = "<group>";
		};
		E0EF3AB82714CACF00D5FDF8 = {
			isa = PBXGroup;
			children = (
				E0EF3AC32714CACF00D5FDF8 /* StarFeed */,
				E0FDBFEB271D3A5400EC1D1B /* GoogleService-Info.plist */,
				E0EF3AC22714CACF00D5FDF8 /* Products */,
				802A6640A035ADFB6E9B212F /* Pods */,
				60C4D3B6704753433CB2D8F1 /* Frameworks */,
			);
			sourceTree = "<group>";
		};
		E0EF3AC22714CACF00D5FDF8 /* Products */ = {
			isa = PBXGroup;
			children = (
				E0EF3AC12714CACF00D5FDF8 /* StarFeed.app */,
				E0EF3AD72714CAD400D5FDF8 /* StarFeedTests.xctest */,
				E0EF3AE22714CAD400D5FDF8 /* StarFeedUITests.xctest */,
			);
			name = Products;
			sourceTree = "<group>";
		};
		E0EF3AC32714CACF00D5FDF8 /* StarFeed */ = {
			isa = PBXGroup;
			children = (
				E0EF3AC42714CACF00D5FDF8 /* AppDelegate.swift */,
				E0EF3AC62714CACF00D5FDF8 /* SceneDelegate.swift */,
				E09973AD2716A55D00073785 /* Extras */,
				E09973AB2716A53100073785 /* Models */,
				E08250E427152D5400C6D58C /* Views */,
				E0EF3AF42714CB1200D5FDF8 /* ViewControllers */,
				E0FDBFED271D3EF500EC1D1B /* Core Data */,
				E09973AC2716A54700073785 /* Assets */,
			);
			path = StarFeed;
			sourceTree = "<group>";
		};
		E0EF3AF42714CB1200D5FDF8 /* ViewControllers */ = {
			isa = PBXGroup;
			children = (
				E099735827165D9D00073785 /* Core */,
				E09973B02716A5E000073785 /* Auth */,
				E099735927165DC300073785 /* Other */,
			);
			path = ViewControllers;
			sourceTree = "<group>";
		};
		E0FDBFED271D3EF500EC1D1B /* Core Data */ = {
			isa = PBXGroup;
			children = (
				E0FDBFF3271D40C300EC1D1B /* FreshModel.xcdatamodeld */,
				E0FDBFEE271D3F0000EC1D1B /* Persistence.swift */,
			);
			path = "Core Data";
			sourceTree = "<group>";
		};
		E0FDBFFC271DFEBA00EC1D1B /* Firebase */ = {
			isa = PBXGroup;
			children = (
				E0F11195271937030062E190 /* FirebaseModel.swift */,
				E09973B52716ADB400073785 /* AuthModel.swift */,
				E0FDBFFA271D425B00EC1D1B /* StorageModel.swift */,
				E0FDBFF8271D41D100EC1D1B /* FirestoreModel.swift */,
			);
			path = Firebase;
			sourceTree = "<group>";
		};
		E0FDBFFD271DFECF00EC1D1B /* Types */ = {
			isa = PBXGroup;
			children = (
				E0F11193271932E20062E190 /* SubjectModel.swift */,
				E058F9B5271952FC006CC85C /* PostModel.swift */,
				52E5BA182724F135007B05C4 /* Comment.swift */,
				E0B6F48D271BDED500DEDDC3 /* UserModel.swift */,
			);
			path = Types;
			sourceTree = "<group>";
		};
		E0FDBFFE271DFEE300EC1D1B /* Other */ = {
			isa = PBXGroup;
			children = (
				E0FDBFF6271D411900EC1D1B /* FileManagerModel.swift */,
			);
			path = Other;
			sourceTree = "<group>";
		};
/* End PBXGroup section */

/* Begin PBXNativeTarget section */
		E0EF3AC02714CACF00D5FDF8 /* StarFeed */ = {
			isa = PBXNativeTarget;
			buildConfigurationList = E0EF3AEB2714CAD400D5FDF8 /* Build configuration list for PBXNativeTarget "StarFeed" */;
			buildPhases = (
				64CDAB5BB9D081649B500A8D /* [CP] Check Pods Manifest.lock */,
				E0EF3ABD2714CACF00D5FDF8 /* Sources */,
				E0EF3ABE2714CACF00D5FDF8 /* Frameworks */,
				E0EF3ABF2714CACF00D5FDF8 /* Resources */,
				5DA148EBD32497960CDA839A /* [CP] Embed Pods Frameworks */,
			);
			buildRules = (
			);
			dependencies = (
			);
			name = StarFeed;
			productName = StarFeed;
			productReference = E0EF3AC12714CACF00D5FDF8 /* StarFeed.app */;
			productType = "com.apple.product-type.application";
		};
		E0EF3AD62714CAD400D5FDF8 /* StarFeedTests */ = {
			isa = PBXNativeTarget;
			buildConfigurationList = E0EF3AEE2714CAD400D5FDF8 /* Build configuration list for PBXNativeTarget "StarFeedTests" */;
			buildPhases = (
				7D5DD22BB854F3CE1019AC53 /* [CP] Check Pods Manifest.lock */,
				E0EF3AD32714CAD400D5FDF8 /* Sources */,
				E0EF3AD42714CAD400D5FDF8 /* Frameworks */,
				E0EF3AD52714CAD400D5FDF8 /* Resources */,
			);
			buildRules = (
			);
			dependencies = (
				E0EF3AD92714CAD400D5FDF8 /* PBXTargetDependency */,
			);
			name = StarFeedTests;
			productName = StarFeedTests;
			productReference = E0EF3AD72714CAD400D5FDF8 /* StarFeedTests.xctest */;
			productType = "com.apple.product-type.bundle.unit-test";
		};
		E0EF3AE12714CAD400D5FDF8 /* StarFeedUITests */ = {
			isa = PBXNativeTarget;
			buildConfigurationList = E0EF3AF12714CAD400D5FDF8 /* Build configuration list for PBXNativeTarget "StarFeedUITests" */;
			buildPhases = (
				16EF2F700250E47E6982B03D /* [CP] Check Pods Manifest.lock */,
				E0EF3ADE2714CAD400D5FDF8 /* Sources */,
				E0EF3ADF2714CAD400D5FDF8 /* Frameworks */,
				E0EF3AE02714CAD400D5FDF8 /* Resources */,
				33F9678AE5AAC7A41A163BED /* [CP] Embed Pods Frameworks */,
			);
			buildRules = (
			);
			dependencies = (
				E0EF3AE42714CAD400D5FDF8 /* PBXTargetDependency */,
			);
			name = StarFeedUITests;
			productName = StarFeedUITests;
			productReference = E0EF3AE22714CAD400D5FDF8 /* StarFeedUITests.xctest */;
			productType = "com.apple.product-type.bundle.ui-testing";
		};
/* End PBXNativeTarget section */

/* Begin PBXProject section */
		E0EF3AB92714CACF00D5FDF8 /* Project object */ = {
			isa = PBXProject;
			attributes = {
				LastSwiftUpdateCheck = 1250;
				LastUpgradeCheck = 1250;
				TargetAttributes = {
					E0EF3AC02714CACF00D5FDF8 = {
						CreatedOnToolsVersion = 12.5.1;
					};
					E0EF3AD62714CAD400D5FDF8 = {
						CreatedOnToolsVersion = 12.5.1;
						TestTargetID = E0EF3AC02714CACF00D5FDF8;
					};
					E0EF3AE12714CAD400D5FDF8 = {
						CreatedOnToolsVersion = 12.5.1;
						TestTargetID = E0EF3AC02714CACF00D5FDF8;
					};
				};
			};
			buildConfigurationList = E0EF3ABC2714CACF00D5FDF8 /* Build configuration list for PBXProject "StarFeed" */;
			compatibilityVersion = "Xcode 9.3";
			developmentRegion = en;
			hasScannedForEncodings = 0;
			knownRegions = (
				en,
				Base,
			);
			mainGroup = E0EF3AB82714CACF00D5FDF8;
			productRefGroup = E0EF3AC22714CACF00D5FDF8 /* Products */;
			projectDirPath = "";
			projectRoot = "";
			targets = (
				E0EF3AC02714CACF00D5FDF8 /* StarFeed */,
				E0EF3AD62714CAD400D5FDF8 /* StarFeedTests */,
				E0EF3AE12714CAD400D5FDF8 /* StarFeedUITests */,
			);
		};
/* End PBXProject section */

/* Begin PBXResourcesBuildPhase section */
		E0EF3ABF2714CACF00D5FDF8 /* Resources */ = {
			isa = PBXResourcesBuildPhase;
			buildActionMask = 2147483647;
			files = (
				E0EF3AD12714CAD400D5FDF8 /* LaunchScreen.storyboard in Resources */,
				E0EF3ACE2714CAD400D5FDF8 /* Assets.xcassets in Resources */,
				E0FDBFEC271D3A5400EC1D1B /* GoogleService-Info.plist in Resources */,
			);
			runOnlyForDeploymentPostprocessing = 0;
		};
		E0EF3AD52714CAD400D5FDF8 /* Resources */ = {
			isa = PBXResourcesBuildPhase;
			buildActionMask = 2147483647;
			files = (
			);
			runOnlyForDeploymentPostprocessing = 0;
		};
		E0EF3AE02714CAD400D5FDF8 /* Resources */ = {
			isa = PBXResourcesBuildPhase;
			buildActionMask = 2147483647;
			files = (
			);
			runOnlyForDeploymentPostprocessing = 0;
		};
/* End PBXResourcesBuildPhase section */

/* Begin PBXShellScriptBuildPhase section */
		16EF2F700250E47E6982B03D /* [CP] Check Pods Manifest.lock */ = {
			isa = PBXShellScriptBuildPhase;
			buildActionMask = 2147483647;
			files = (
			);
			inputFileListPaths = (
			);
			inputPaths = (
				"${PODS_PODFILE_DIR_PATH}/Podfile.lock",
				"${PODS_ROOT}/Manifest.lock",
			);
			name = "[CP] Check Pods Manifest.lock";
			outputFileListPaths = (
			);
			outputPaths = (
				"$(DERIVED_FILE_DIR)/Pods-StarFeed-StarFeedUITests-checkManifestLockResult.txt",
			);
			runOnlyForDeploymentPostprocessing = 0;
			shellPath = /bin/sh;
			shellScript = "diff \"${PODS_PODFILE_DIR_PATH}/Podfile.lock\" \"${PODS_ROOT}/Manifest.lock\" > /dev/null\nif [ $? != 0 ] ; then\n    # print error to STDERR\n    echo \"error: The sandbox is not in sync with the Podfile.lock. Run 'pod install' or update your CocoaPods installation.\" >&2\n    exit 1\nfi\n# This output is used by Xcode 'outputs' to avoid re-running this script phase.\necho \"SUCCESS\" > \"${SCRIPT_OUTPUT_FILE_0}\"\n";
			showEnvVarsInLog = 0;
		};
		33F9678AE5AAC7A41A163BED /* [CP] Embed Pods Frameworks */ = {
			isa = PBXShellScriptBuildPhase;
			buildActionMask = 2147483647;
			files = (
			);
			inputFileListPaths = (
				"${PODS_ROOT}/Target Support Files/Pods-StarFeed-StarFeedUITests/Pods-StarFeed-StarFeedUITests-frameworks-${CONFIGURATION}-input-files.xcfilelist",
			);
			name = "[CP] Embed Pods Frameworks";
			outputFileListPaths = (
				"${PODS_ROOT}/Target Support Files/Pods-StarFeed-StarFeedUITests/Pods-StarFeed-StarFeedUITests-frameworks-${CONFIGURATION}-output-files.xcfilelist",
			);
			runOnlyForDeploymentPostprocessing = 0;
			shellPath = /bin/sh;
			shellScript = "\"${PODS_ROOT}/Target Support Files/Pods-StarFeed-StarFeedUITests/Pods-StarFeed-StarFeedUITests-frameworks.sh\"\n";
			showEnvVarsInLog = 0;
		};
		5DA148EBD32497960CDA839A /* [CP] Embed Pods Frameworks */ = {
			isa = PBXShellScriptBuildPhase;
			buildActionMask = 2147483647;
			files = (
			);
			inputFileListPaths = (
				"${PODS_ROOT}/Target Support Files/Pods-StarFeed/Pods-StarFeed-frameworks-${CONFIGURATION}-input-files.xcfilelist",
			);
			name = "[CP] Embed Pods Frameworks";
			outputFileListPaths = (
				"${PODS_ROOT}/Target Support Files/Pods-StarFeed/Pods-StarFeed-frameworks-${CONFIGURATION}-output-files.xcfilelist",
			);
			runOnlyForDeploymentPostprocessing = 0;
			shellPath = /bin/sh;
			shellScript = "\"${PODS_ROOT}/Target Support Files/Pods-StarFeed/Pods-StarFeed-frameworks.sh\"\n";
			showEnvVarsInLog = 0;
		};
		64CDAB5BB9D081649B500A8D /* [CP] Check Pods Manifest.lock */ = {
			isa = PBXShellScriptBuildPhase;
			buildActionMask = 2147483647;
			files = (
			);
			inputFileListPaths = (
			);
			inputPaths = (
				"${PODS_PODFILE_DIR_PATH}/Podfile.lock",
				"${PODS_ROOT}/Manifest.lock",
			);
			name = "[CP] Check Pods Manifest.lock";
			outputFileListPaths = (
			);
			outputPaths = (
				"$(DERIVED_FILE_DIR)/Pods-StarFeed-checkManifestLockResult.txt",
			);
			runOnlyForDeploymentPostprocessing = 0;
			shellPath = /bin/sh;
			shellScript = "diff \"${PODS_PODFILE_DIR_PATH}/Podfile.lock\" \"${PODS_ROOT}/Manifest.lock\" > /dev/null\nif [ $? != 0 ] ; then\n    # print error to STDERR\n    echo \"error: The sandbox is not in sync with the Podfile.lock. Run 'pod install' or update your CocoaPods installation.\" >&2\n    exit 1\nfi\n# This output is used by Xcode 'outputs' to avoid re-running this script phase.\necho \"SUCCESS\" > \"${SCRIPT_OUTPUT_FILE_0}\"\n";
			showEnvVarsInLog = 0;
		};
		7D5DD22BB854F3CE1019AC53 /* [CP] Check Pods Manifest.lock */ = {
			isa = PBXShellScriptBuildPhase;
			buildActionMask = 2147483647;
			files = (
			);
			inputFileListPaths = (
			);
			inputPaths = (
				"${PODS_PODFILE_DIR_PATH}/Podfile.lock",
				"${PODS_ROOT}/Manifest.lock",
			);
			name = "[CP] Check Pods Manifest.lock";
			outputFileListPaths = (
			);
			outputPaths = (
				"$(DERIVED_FILE_DIR)/Pods-StarFeedTests-checkManifestLockResult.txt",
			);
			runOnlyForDeploymentPostprocessing = 0;
			shellPath = /bin/sh;
			shellScript = "diff \"${PODS_PODFILE_DIR_PATH}/Podfile.lock\" \"${PODS_ROOT}/Manifest.lock\" > /dev/null\nif [ $? != 0 ] ; then\n    # print error to STDERR\n    echo \"error: The sandbox is not in sync with the Podfile.lock. Run 'pod install' or update your CocoaPods installation.\" >&2\n    exit 1\nfi\n# This output is used by Xcode 'outputs' to avoid re-running this script phase.\necho \"SUCCESS\" > \"${SCRIPT_OUTPUT_FILE_0}\"\n";
			showEnvVarsInLog = 0;
		};
/* End PBXShellScriptBuildPhase section */

/* Begin PBXSourcesBuildPhase section */
		E0EF3ABD2714CACF00D5FDF8 /* Sources */ = {
			isa = PBXSourcesBuildPhase;
			buildActionMask = 2147483647;
			files = (
				E0EF3AF82714CD1A00D5FDF8 /* SearchViewController.swift in Sources */,
				5246D9E6271BBF1F0024500C /* ProfilePictureViewController.swift in Sources */,
				E09973C02717593600073785 /* CustomScrollView.swift in Sources */,
				E09973A92716A30400073785 /* NewPostViewController.swift in Sources */,
				5246D9E8271D1CFD0024500C /* EditProfileViewController.swift in Sources */,
				E08A65FB2719FDC000254D66 /* SubjectPostViewController.swift in Sources */,
				E0EF3AF62714CB4F00D5FDF8 /* TabBarController.swift in Sources */,
				E0F11196271937030062E190 /* FirebaseModel.swift in Sources */,
				E0F111922719164B0062E190 /* NewPostSubjectsViewController.swift in Sources */,
				E09973B22716A60200073785 /* LoginViewController.swift in Sources */,
				E0EF3AC92714CACF00D5FDF8 /* TrendingViewController.swift in Sources */,
				E0EF3AC52714CACF00D5FDF8 /* AppDelegate.swift in Sources */,
				52E5BA172724ED67007B05C4 /* CommentView.swift in Sources */,
				E09973B82716AFD600073785 /* CreateAccountViewController.swift in Sources */,
				E0EF3AFC2714CE2F00D5FDF8 /* FollowingViewController.swift in Sources */,
				5246D9EA271E55970024500C /* ProgressView.swift in Sources */,
				E0FDBFF9271D41D100EC1D1B /* FirestoreModel.swift in Sources */,
				52DCF1652719486100AD187C /* PostView.swift in Sources */,
				E09973B42716AB9600073785 /* Colors.swift in Sources */,
				E099735B27165DFE00073785 /* ProfileViewController.swift in Sources */,
				E09973BC2716BA6700073785 /* CustomTextField.swift in Sources */,
				E09973A727169D4D00073785 /* CustomButton.swift in Sources */,
				E0A61F2D271A41FF00026CE1 /* EmailViewController.swift in Sources */,
				E0F11194271932E20062E190 /* SubjectModel.swift in Sources */,
				E058F9B6271952FC006CC85C /* PostModel.swift in Sources */,
				52E5BA152724ECD3007B05C4 /* CommentsViewController.swift in Sources */,
				E0FDBFFB271D425B00EC1D1B /* StorageModel.swift in Sources */,
				E08250E627152D6800C6D58C /* TitleBar.swift in Sources */,
				E0FDBFEF271D3F0000EC1D1B /* Persistence.swift in Sources */,
				52E5BA192724F135007B05C4 /* Comment.swift in Sources */,
				52DCF16327192DF200AD187C /* Grid.swift in Sources */,
				E0B6F48C271BDDA700DEDDC3 /* ProfileButton.swift in Sources */,
				E0F111902718BCAC0062E190 /* VideoPlayer.swift in Sources */,
				E0EF3AC72714CACF00D5FDF8 /* SceneDelegate.swift in Sources */,
				E0B6F48E271BDED500DEDDC3 /* UserModel.swift in Sources */,
				E09973BA2716B22600073785 /* BackButton.swift in Sources */,
				E0FDC000271E047400EC1D1B /* ProfileImage.swift in Sources */,
				E09973B62716ADB400073785 /* AuthModel.swift in Sources */,
				E0FDBFF7271D411900EC1D1B /* FileManagerModel.swift in Sources */,
				E0FDBFF5271D40C300EC1D1B /* FreshModel.xcdatamodeld in Sources */,
				E0F1118E2718AE400062E190 /* ImagePicker.swift in Sources */,
				E0EF3AFA2714CE2400D5FDF8 /* SubjectsViewController.swift in Sources */,
				E0EF3AFE2714D83C00D5FDF8 /* Extensions.swift in Sources */,
			);
			runOnlyForDeploymentPostprocessing = 0;
		};
		E0EF3AD32714CAD400D5FDF8 /* Sources */ = {
			isa = PBXSourcesBuildPhase;
			buildActionMask = 2147483647;
			files = (
			);
			runOnlyForDeploymentPostprocessing = 0;
		};
		E0EF3ADE2714CAD400D5FDF8 /* Sources */ = {
			isa = PBXSourcesBuildPhase;
			buildActionMask = 2147483647;
			files = (
			);
			runOnlyForDeploymentPostprocessing = 0;
		};
/* End PBXSourcesBuildPhase section */

/* Begin PBXTargetDependency section */
		E0EF3AD92714CAD400D5FDF8 /* PBXTargetDependency */ = {
			isa = PBXTargetDependency;
			target = E0EF3AC02714CACF00D5FDF8 /* StarFeed */;
			targetProxy = E0EF3AD82714CAD400D5FDF8 /* PBXContainerItemProxy */;
		};
		E0EF3AE42714CAD400D5FDF8 /* PBXTargetDependency */ = {
			isa = PBXTargetDependency;
			target = E0EF3AC02714CACF00D5FDF8 /* StarFeed */;
			targetProxy = E0EF3AE32714CAD400D5FDF8 /* PBXContainerItemProxy */;
		};
/* End PBXTargetDependency section */

/* Begin PBXVariantGroup section */
		E0EF3ACF2714CAD400D5FDF8 /* LaunchScreen.storyboard */ = {
			isa = PBXVariantGroup;
			children = (
				E0EF3AD02714CAD400D5FDF8 /* Base */,
			);
			name = LaunchScreen.storyboard;
			sourceTree = "<group>";
		};
/* End PBXVariantGroup section */

/* Begin XCBuildConfiguration section */
		E0EF3AE92714CAD400D5FDF8 /* Debug */ = {
			isa = XCBuildConfiguration;
			buildSettings = {
				ALWAYS_SEARCH_USER_PATHS = NO;
				CLANG_ANALYZER_NONNULL = YES;
				CLANG_ANALYZER_NUMBER_OBJECT_CONVERSION = YES_AGGRESSIVE;
				CLANG_CXX_LANGUAGE_STANDARD = "gnu++14";
				CLANG_CXX_LIBRARY = "libc++";
				CLANG_ENABLE_MODULES = YES;
				CLANG_ENABLE_OBJC_ARC = YES;
				CLANG_ENABLE_OBJC_WEAK = YES;
				CLANG_WARN_BLOCK_CAPTURE_AUTORELEASING = YES;
				CLANG_WARN_BOOL_CONVERSION = YES;
				CLANG_WARN_COMMA = YES;
				CLANG_WARN_CONSTANT_CONVERSION = YES;
				CLANG_WARN_DEPRECATED_OBJC_IMPLEMENTATIONS = YES;
				CLANG_WARN_DIRECT_OBJC_ISA_USAGE = YES_ERROR;
				CLANG_WARN_DOCUMENTATION_COMMENTS = YES;
				CLANG_WARN_EMPTY_BODY = YES;
				CLANG_WARN_ENUM_CONVERSION = YES;
				CLANG_WARN_INFINITE_RECURSION = YES;
				CLANG_WARN_INT_CONVERSION = YES;
				CLANG_WARN_NON_LITERAL_NULL_CONVERSION = YES;
				CLANG_WARN_OBJC_IMPLICIT_RETAIN_SELF = YES;
				CLANG_WARN_OBJC_LITERAL_CONVERSION = YES;
				CLANG_WARN_OBJC_ROOT_CLASS = YES_ERROR;
				CLANG_WARN_QUOTED_INCLUDE_IN_FRAMEWORK_HEADER = YES;
				CLANG_WARN_RANGE_LOOP_ANALYSIS = YES;
				CLANG_WARN_STRICT_PROTOTYPES = YES;
				CLANG_WARN_SUSPICIOUS_MOVE = YES;
				CLANG_WARN_UNGUARDED_AVAILABILITY = YES_AGGRESSIVE;
				CLANG_WARN_UNREACHABLE_CODE = YES;
				CLANG_WARN__DUPLICATE_METHOD_MATCH = YES;
				COPY_PHASE_STRIP = NO;
				DEBUG_INFORMATION_FORMAT = dwarf;
				ENABLE_STRICT_OBJC_MSGSEND = YES;
				ENABLE_TESTABILITY = YES;
				GCC_C_LANGUAGE_STANDARD = gnu11;
				GCC_DYNAMIC_NO_PIC = NO;
				GCC_NO_COMMON_BLOCKS = YES;
				GCC_OPTIMIZATION_LEVEL = 0;
				GCC_PREPROCESSOR_DEFINITIONS = (
					"DEBUG=1",
					"$(inherited)",
				);
				GCC_WARN_64_TO_32_BIT_CONVERSION = YES;
				GCC_WARN_ABOUT_RETURN_TYPE = YES_ERROR;
				GCC_WARN_UNDECLARED_SELECTOR = YES;
				GCC_WARN_UNINITIALIZED_AUTOS = YES_AGGRESSIVE;
				GCC_WARN_UNUSED_FUNCTION = YES;
				GCC_WARN_UNUSED_VARIABLE = YES;
				IPHONEOS_DEPLOYMENT_TARGET = 14.5;
				MTL_ENABLE_DEBUG_INFO = INCLUDE_SOURCE;
				MTL_FAST_MATH = YES;
				ONLY_ACTIVE_ARCH = YES;
				SDKROOT = iphoneos;
				SWIFT_ACTIVE_COMPILATION_CONDITIONS = DEBUG;
				SWIFT_OPTIMIZATION_LEVEL = "-Onone";
			};
			name = Debug;
		};
		E0EF3AEA2714CAD400D5FDF8 /* Release */ = {
			isa = XCBuildConfiguration;
			buildSettings = {
				ALWAYS_SEARCH_USER_PATHS = NO;
				CLANG_ANALYZER_NONNULL = YES;
				CLANG_ANALYZER_NUMBER_OBJECT_CONVERSION = YES_AGGRESSIVE;
				CLANG_CXX_LANGUAGE_STANDARD = "gnu++14";
				CLANG_CXX_LIBRARY = "libc++";
				CLANG_ENABLE_MODULES = YES;
				CLANG_ENABLE_OBJC_ARC = YES;
				CLANG_ENABLE_OBJC_WEAK = YES;
				CLANG_WARN_BLOCK_CAPTURE_AUTORELEASING = YES;
				CLANG_WARN_BOOL_CONVERSION = YES;
				CLANG_WARN_COMMA = YES;
				CLANG_WARN_CONSTANT_CONVERSION = YES;
				CLANG_WARN_DEPRECATED_OBJC_IMPLEMENTATIONS = YES;
				CLANG_WARN_DIRECT_OBJC_ISA_USAGE = YES_ERROR;
				CLANG_WARN_DOCUMENTATION_COMMENTS = YES;
				CLANG_WARN_EMPTY_BODY = YES;
				CLANG_WARN_ENUM_CONVERSION = YES;
				CLANG_WARN_INFINITE_RECURSION = YES;
				CLANG_WARN_INT_CONVERSION = YES;
				CLANG_WARN_NON_LITERAL_NULL_CONVERSION = YES;
				CLANG_WARN_OBJC_IMPLICIT_RETAIN_SELF = YES;
				CLANG_WARN_OBJC_LITERAL_CONVERSION = YES;
				CLANG_WARN_OBJC_ROOT_CLASS = YES_ERROR;
				CLANG_WARN_QUOTED_INCLUDE_IN_FRAMEWORK_HEADER = YES;
				CLANG_WARN_RANGE_LOOP_ANALYSIS = YES;
				CLANG_WARN_STRICT_PROTOTYPES = YES;
				CLANG_WARN_SUSPICIOUS_MOVE = YES;
				CLANG_WARN_UNGUARDED_AVAILABILITY = YES_AGGRESSIVE;
				CLANG_WARN_UNREACHABLE_CODE = YES;
				CLANG_WARN__DUPLICATE_METHOD_MATCH = YES;
				COPY_PHASE_STRIP = NO;
				DEBUG_INFORMATION_FORMAT = "dwarf-with-dsym";
				ENABLE_NS_ASSERTIONS = NO;
				ENABLE_STRICT_OBJC_MSGSEND = YES;
				GCC_C_LANGUAGE_STANDARD = gnu11;
				GCC_NO_COMMON_BLOCKS = YES;
				GCC_WARN_64_TO_32_BIT_CONVERSION = YES;
				GCC_WARN_ABOUT_RETURN_TYPE = YES_ERROR;
				GCC_WARN_UNDECLARED_SELECTOR = YES;
				GCC_WARN_UNINITIALIZED_AUTOS = YES_AGGRESSIVE;
				GCC_WARN_UNUSED_FUNCTION = YES;
				GCC_WARN_UNUSED_VARIABLE = YES;
				IPHONEOS_DEPLOYMENT_TARGET = 14.5;
				MTL_ENABLE_DEBUG_INFO = NO;
				MTL_FAST_MATH = YES;
				SDKROOT = iphoneos;
				SWIFT_COMPILATION_MODE = wholemodule;
				SWIFT_OPTIMIZATION_LEVEL = "-O";
				VALIDATE_PRODUCT = YES;
			};
			name = Release;
		};
		E0EF3AEC2714CAD400D5FDF8 /* Debug */ = {
			isa = XCBuildConfiguration;
			baseConfigurationReference = C20F3EF2A3075AE95F6CFF82 /* Pods-StarFeed.debug.xcconfig */;
			buildSettings = {
				ASSETCATALOG_COMPILER_APPICON_NAME = AppIcon;
				ASSETCATALOG_COMPILER_GLOBAL_ACCENT_COLOR_NAME = AccentColor;
				CODE_SIGN_STYLE = Automatic;
				DEVELOPMENT_TEAM = 2VCTVC8L8H;
				INFOPLIST_FILE = StarFeed/Info.plist;
				LD_RUNPATH_SEARCH_PATHS = (
					"$(inherited)",
					"@executable_path/Frameworks",
				);
				PRODUCT_BUNDLE_IDENTIFIER = com.jonathonbuhler.StarFeed;
				PRODUCT_NAME = "$(TARGET_NAME)";
				SWIFT_VERSION = 5.0;
				TARGETED_DEVICE_FAMILY = "1,2";
			};
			name = Debug;
		};
		E0EF3AED2714CAD400D5FDF8 /* Release */ = {
			isa = XCBuildConfiguration;
			baseConfigurationReference = 89B9F80FC097821D133CD286 /* Pods-StarFeed.release.xcconfig */;
			buildSettings = {
				ASSETCATALOG_COMPILER_APPICON_NAME = AppIcon;
				ASSETCATALOG_COMPILER_GLOBAL_ACCENT_COLOR_NAME = AccentColor;
				CODE_SIGN_STYLE = Automatic;
				DEVELOPMENT_TEAM = 2VCTVC8L8H;
				INFOPLIST_FILE = StarFeed/Info.plist;
				LD_RUNPATH_SEARCH_PATHS = (
					"$(inherited)",
					"@executable_path/Frameworks",
				);
				PRODUCT_BUNDLE_IDENTIFIER = com.jonathonbuhler.StarFeed;
				PRODUCT_NAME = "$(TARGET_NAME)";
				SWIFT_VERSION = 5.0;
				TARGETED_DEVICE_FAMILY = "1,2";
			};
			name = Release;
		};
		E0EF3AEF2714CAD400D5FDF8 /* Debug */ = {
			isa = XCBuildConfiguration;
			baseConfigurationReference = CEA1AFF2681C735988BE5302 /* Pods-StarFeedTests.debug.xcconfig */;
			buildSettings = {
				ALWAYS_EMBED_SWIFT_STANDARD_LIBRARIES = YES;
				BUNDLE_LOADER = "$(TEST_HOST)";
				CODE_SIGN_STYLE = Automatic;
				DEVELOPMENT_TEAM = 2VCTVC8L8H;
				INFOPLIST_FILE = StarFeedTests/Info.plist;
				IPHONEOS_DEPLOYMENT_TARGET = 14.5;
				LD_RUNPATH_SEARCH_PATHS = (
					"$(inherited)",
					"@executable_path/Frameworks",
					"@loader_path/Frameworks",
				);
				PRODUCT_BUNDLE_IDENTIFIER = com.jonathonbuhler.StarFeedTests;
				PRODUCT_NAME = "$(TARGET_NAME)";
				SWIFT_VERSION = 5.0;
				TARGETED_DEVICE_FAMILY = "1,2";
				TEST_HOST = "$(BUILT_PRODUCTS_DIR)/StarFeed.app/StarFeed";
			};
			name = Debug;
		};
		E0EF3AF02714CAD400D5FDF8 /* Release */ = {
			isa = XCBuildConfiguration;
			baseConfigurationReference = EC64BC4B5BA1B681BAF0899C /* Pods-StarFeedTests.release.xcconfig */;
			buildSettings = {
				ALWAYS_EMBED_SWIFT_STANDARD_LIBRARIES = YES;
				BUNDLE_LOADER = "$(TEST_HOST)";
				CODE_SIGN_STYLE = Automatic;
				DEVELOPMENT_TEAM = 2VCTVC8L8H;
				INFOPLIST_FILE = StarFeedTests/Info.plist;
				IPHONEOS_DEPLOYMENT_TARGET = 14.5;
				LD_RUNPATH_SEARCH_PATHS = (
					"$(inherited)",
					"@executable_path/Frameworks",
					"@loader_path/Frameworks",
				);
				PRODUCT_BUNDLE_IDENTIFIER = com.jonathonbuhler.StarFeedTests;
				PRODUCT_NAME = "$(TARGET_NAME)";
				SWIFT_VERSION = 5.0;
				TARGETED_DEVICE_FAMILY = "1,2";
				TEST_HOST = "$(BUILT_PRODUCTS_DIR)/StarFeed.app/StarFeed";
			};
			name = Release;
		};
		E0EF3AF22714CAD400D5FDF8 /* Debug */ = {
			isa = XCBuildConfiguration;
			baseConfigurationReference = 8A00B277EEC0E0D20519D5E3 /* Pods-StarFeed-StarFeedUITests.debug.xcconfig */;
			buildSettings = {
				ALWAYS_EMBED_SWIFT_STANDARD_LIBRARIES = YES;
				CODE_SIGN_STYLE = Automatic;
				DEVELOPMENT_TEAM = 2VCTVC8L8H;
				INFOPLIST_FILE = StarFeedUITests/Info.plist;
				LD_RUNPATH_SEARCH_PATHS = (
					"$(inherited)",
					"@executable_path/Frameworks",
					"@loader_path/Frameworks",
				);
				PRODUCT_BUNDLE_IDENTIFIER = com.jonathonbuhler.StarFeedUITests;
				PRODUCT_NAME = "$(TARGET_NAME)";
				SWIFT_VERSION = 5.0;
				TARGETED_DEVICE_FAMILY = "1,2";
				TEST_TARGET_NAME = StarFeed;
			};
			name = Debug;
		};
		E0EF3AF32714CAD400D5FDF8 /* Release */ = {
			isa = XCBuildConfiguration;
			baseConfigurationReference = 90A699AB55424E944917545A /* Pods-StarFeed-StarFeedUITests.release.xcconfig */;
			buildSettings = {
				ALWAYS_EMBED_SWIFT_STANDARD_LIBRARIES = YES;
				CODE_SIGN_STYLE = Automatic;
				DEVELOPMENT_TEAM = 2VCTVC8L8H;
				INFOPLIST_FILE = StarFeedUITests/Info.plist;
				LD_RUNPATH_SEARCH_PATHS = (
					"$(inherited)",
					"@executable_path/Frameworks",
					"@loader_path/Frameworks",
				);
				PRODUCT_BUNDLE_IDENTIFIER = com.jonathonbuhler.StarFeedUITests;
				PRODUCT_NAME = "$(TARGET_NAME)";
				SWIFT_VERSION = 5.0;
				TARGETED_DEVICE_FAMILY = "1,2";
				TEST_TARGET_NAME = StarFeed;
			};
			name = Release;
		};
/* End XCBuildConfiguration section */

/* Begin XCConfigurationList section */
		E0EF3ABC2714CACF00D5FDF8 /* Build configuration list for PBXProject "StarFeed" */ = {
			isa = XCConfigurationList;
			buildConfigurations = (
				E0EF3AE92714CAD400D5FDF8 /* Debug */,
				E0EF3AEA2714CAD400D5FDF8 /* Release */,
			);
			defaultConfigurationIsVisible = 0;
			defaultConfigurationName = Release;
		};
		E0EF3AEB2714CAD400D5FDF8 /* Build configuration list for PBXNativeTarget "StarFeed" */ = {
			isa = XCConfigurationList;
			buildConfigurations = (
				E0EF3AEC2714CAD400D5FDF8 /* Debug */,
				E0EF3AED2714CAD400D5FDF8 /* Release */,
			);
			defaultConfigurationIsVisible = 0;
			defaultConfigurationName = Release;
		};
		E0EF3AEE2714CAD400D5FDF8 /* Build configuration list for PBXNativeTarget "StarFeedTests" */ = {
			isa = XCConfigurationList;
			buildConfigurations = (
				E0EF3AEF2714CAD400D5FDF8 /* Debug */,
				E0EF3AF02714CAD400D5FDF8 /* Release */,
			);
			defaultConfigurationIsVisible = 0;
			defaultConfigurationName = Release;
		};
		E0EF3AF12714CAD400D5FDF8 /* Build configuration list for PBXNativeTarget "StarFeedUITests" */ = {
			isa = XCConfigurationList;
			buildConfigurations = (
				E0EF3AF22714CAD400D5FDF8 /* Debug */,
				E0EF3AF32714CAD400D5FDF8 /* Release */,
			);
			defaultConfigurationIsVisible = 0;
			defaultConfigurationName = Release;
		};
/* End XCConfigurationList section */

/* Begin XCVersionGroup section */
		E0FDBFF3271D40C300EC1D1B /* FreshModel.xcdatamodeld */ = {
			isa = XCVersionGroup;
			children = (
				E0FDBFF4271D40C300EC1D1B /* FreshModel.xcdatamodel */,
			);
			currentVersion = E0FDBFF4271D40C300EC1D1B /* FreshModel.xcdatamodel */;
			path = FreshModel.xcdatamodeld;
			sourceTree = "<group>";
			versionGroupType = wrapper.xcdatamodel;
		};
/* End XCVersionGroup section */
	};
	rootObject = E0EF3AB92714CACF00D5FDF8 /* Project object */;
}
